
Microsoft Visual Studio Solution File, Format Version 12.00
# Visual Studio 15
VisualStudioVersion = 15.0.26730.12
MinimumVisualStudioVersion = 10.0.40219.1
Project("{FAE04EC0-301F-11D3-BF4B-00C04F79EFBC}") = "MixLib", "MixLib\MixLib.csproj", "{589D93EB-D163-44CD-8291-499A174DE195}"
EndProject
Global
	GlobalSection(SolutionConfigurationPlatforms) = preSolution
		Debug|Any CPU = Debug|Any CPU
		Release|Any CPU = Release|Any CPU
	EndGlobalSection
	GlobalSection(ProjectConfigurationPlatforms) = postSolution
		{589D93EB-D163-44CD-8291-499A174DE195}.Debug|Any CPU.ActiveCfg = Debug|Any CPU
		{589D93EB-D163-44CD-8291-499A174DE195}.Debug|Any CPU.Build.0 = Debug|Any CPU
		{589D93EB-D163-44CD-8291-499A174DE195}.Release|Any CPU.ActiveCfg = Release|Any CPU
		{589D93EB-D163-44CD-8291-499A174DE195}.Release|Any CPU.Build.0 = Release|Any CPU
	EndGlobalSection
	GlobalSection(SolutionProperties) = preSolution
		HideSolutionNode = FALSE
	EndGlobalSection
	GlobalSection(ExtensibilityGlobals) = postSolution
		SolutionGuid = {7F720D07-E7C3-4392-AB6B-FEC2D080C459}
	EndGlobalSection
EndGlobal
